
Microsoft Visual Studio Solution File, Format Version 12.00
# Visual Studio Version 17
VisualStudioVersion = 17.5.33424.131
MinimumVisualStudioVersion = 10.0.40219.1
Project("{FAE04EC0-301F-11D3-BF4B-00C04F79EFBC}") = "PersonelKayitSistemi", "PersonelKayitSistemi\PersonelKayitSistemi.csproj", "{0BDC3692-B79F-4A6C-A51E-FE011EF2D6D2}"
EndProject
Global
	GlobalSection(SolutionConfigurationPlatforms) = preSolution
		Debug|Any CPU = Debug|Any CPU
		Release|Any CPU = Release|Any CPU
	EndGlobalSection
	GlobalSection(ProjectConfigurationPlatforms) = postSolution
		{0BDC3692-B79F-4A6C-A51E-FE011EF2D6D2}.Debug|Any CPU.ActiveCfg = Debug|Any CPU
		{0BDC3692-B79F-4A6C-A51E-FE011EF2D6D2}.Debug|Any CPU.Build.0 = Debug|Any CPU
		{0BDC3692-B79F-4A6C-A51E-FE011EF2D6D2}.Release|Any CPU.ActiveCfg = Release|Any CPU
		{0BDC3692-B79F-4A6C-A51E-FE011EF2D6D2}.Release|Any CPU.Build.0 = Release|Any CPU
	EndGlobalSection
	GlobalSection(SolutionProperties) = preSolution
		HideSolutionNode = FALSE
	EndGlobalSection
	GlobalSection(ExtensibilityGlobals) = postSolution
		SolutionGuid = {6EEE8467-4CA5-48EF-AB11-BF14062A3B53}
	EndGlobalSection
EndGlobal
